
Microsoft Visual Studio Solution File, Format Version 12.00
# Visual Studio 15
Project("{FAE04EC0-301F-11D3-BF4B-00C04F79EFBC}") = "Assembly-CSharp", "Assembly-CSharp.csproj", "{804AB049-8975-BCB3-8478-8D97B0EFDA21}"
EndProject
Project("{FAE04EC0-301F-11D3-BF4B-00C04F79EFBC}") = "Assembly-CSharp-Editor", "Assembly-CSharp-Editor.csproj", "{1BBBD1F5-7000-C5BA-6AD2-3354402EAFBC}"
EndProject
Global
	GlobalSection(SolutionConfigurationPlatforms) = preSolution
		Debug|Any CPU = Debug|Any CPU
		Release|Any CPU = Release|Any CPU
	EndGlobalSection
	GlobalSection(ProjectConfigurationPlatforms) = postSolution
		{804AB049-8975-BCB3-8478-8D97B0EFDA21}.Debug|Any CPU.ActiveCfg = Debug|Any CPU
		{804AB049-8975-BCB3-8478-8D97B0EFDA21}.Debug|Any CPU.Build.0 = Debug|Any CPU
		{804AB049-8975-BCB3-8478-8D97B0EFDA21}.Release|Any CPU.ActiveCfg = Release|Any CPU
		{804AB049-8975-BCB3-8478-8D97B0EFDA21}.Release|Any CPU.Build.0 = Release|Any CPU
		{1BBBD1F5-7000-C5BA-6AD2-3354402EAFBC}.Debug|Any CPU.ActiveCfg = Debug|Any CPU
		{1BBBD1F5-7000-C5BA-6AD2-3354402EAFBC}.Debug|Any CPU.Build.0 = Debug|Any CPU
		{1BBBD1F5-7000-C5BA-6AD2-3354402EAFBC}.Release|Any CPU.ActiveCfg = Release|Any CPU
		{1BBBD1F5-7000-C5BA-6AD2-3354402EAFBC}.Release|Any CPU.Build.0 = Release|Any CPU
	EndGlobalSection
	GlobalSection(SolutionProperties) = preSolution
		HideSolutionNode = FALSE
	EndGlobalSection
EndGlobal
